# This file is automatically @generated by Cargo.
# It is not intended for manual editing.
version = 4

[[package]]
name = "dllmain-rs"
version = "0.1.0"
source = "registry+https://github.com/rust-lang/crates.io-index"
checksum = "9ba0a196ac9d9356e577aa9ef4a0cc483ba24b185f01da1dc8e4917215aa8027"
dependencies = [
 "proc-macro2",
 "quote",
 "syn",
]

[[package]]
name = "fn_abi"
version = "3.0.0"
source = "registry+https://github.com/rust-lang/crates.io-index"
checksum = "9e5552135c087e231d952256e8310c3c2e81a31175bd9eb55eb0077236e36c2a"
dependencies = [
 "proc-macro2",
 "quote",
 "syn",
 "syn_squash",
]

[[package]]
name = "fn_type_alias"
version = "0.1.0"
source = "registry+https://github.com/rust-lang/crates.io-index"
checksum = "809e807f01217f1f89959fbeebd10c6471b5ef3971fce1b02a70fb7212cc6c1f"
dependencies = [
 "proc-macro2",
 "quote",
 "syn",
]

[[package]]
name = "iced-x86"
version = "1.21.0"
source = "registry+https://github.com/rust-lang/crates.io-index"
checksum = "7c447cff8c7f384a7d4f741cfcff32f75f3ad02b406432e8d6c878d56b1edf6b"
dependencies = [
 "lazy_static",
]

[[package]]
name = "lazy_static"
version = "1.5.0"
source = "registry+https://github.com/rust-lang/crates.io-index"
checksum = "bbd2bcb4c963f2ddae06a2efc7e9f3591312473c50c6685e1f298068316e66fe"
dependencies = [
 "spin",
]

[[package]]
name = "neohook"
version = "0.13.1"
source = "registry+https://github.com/rust-lang/crates.io-index"
checksum = "dd27162dce573a189d25b38dc949a9a3c1a6d34931f0c89e6f2ee8101df0928c"
dependencies = [
 "iced-x86",
 "windows-sys",
]

[[package]]
name = "proc-macro2"
version = "1.0.107"
source = "registry+https://github.com/rust-lang/crates.io-index"
checksum = "985e7ec9bb745e6ce6535b544d84d6cd6f7ad8bd711c398938ae983b91a766d9"
dependencies = [
 "unicode-ident",
]

[[package]]
name = "quote"
version = "1.0.47"
source = "registry+https://github.com/rust-lang/crates.io-index"
checksum = "1fbf4db142a473a8d80c26bbf18454ed458bf8d26c8219c331daecfdbd079001"
dependencies = [
 "proc-macro2",
]

[[package]]
name = "randomushroom_plugin"
version = "0.1.0-dev"
dependencies = [
 "dllmain-rs",
 "fn_abi",
 "fn_type_alias",
 "neohook",
 "winsafe",
]

[[package]]
name = "spin"
version = "0.9.9"
source = "registry+https://github.com/rust-lang/crates.io-index"
checksum = "3763264f6b73151db08c50ff20d7d8a0b8796e021cdea7ceedad07b80155fa0e"

[[package]]
name = "syn"
version = "1.0.109"
source = "registry+https://github.com/rust-lang/crates.io-index"
checksum = "72b64191b275b66ffe2469e8af2c1cfe3bafa67b529ead792a6d0160888b4237"
dependencies = [
 "proc-macro2",
 "quote",
 "unicode-ident",
]

[[package]]
name = "syn_squash"
version = "0.1.0"
source = "registry+https://github.com/rust-lang/crates.io-index"
checksum = "134b985708d02b2569ab2b9e27c8758ca4baaaf725341a572d59bc2d174b9bb5"

[[package]]
name = "unicode-ident"
version = "1.0.24"
source = "registry+https://github.com/rust-lang/crates.io-index"
checksum = "e6e4313cd5fcd3dad5cafa179702e2b244f760991f45397d14d4ebf38247da75"

[[package]]
name = "windows-link"
version = "0.2.1"
source = "registry+https://github.com/rust-lang/crates.io-index"
checksum = "f0805222e57f7521d6a62e36fa9163bc891acd422f971defe97d64e70d0a4fe5"

[[package]]
name = "windows-sys"
version = "0.61.2"
source = "registry+https://github.com/rust-lang/crates.io-index"
checksum = "ae137229bcbd6cdf0f7b80a31df61766145077ddf49416a728b02cb3921ff3fc"
dependencies = [
 "windows-link",
]

[[package]]
name = "winsafe"
version = "0.0.28"
source = "registry+https://github.com/rust-lang/crates.io-index"
checksum = "7d3922ac07e168376bc6799e7896fc737ddb9538be7533ca44bc3463091db1ad"
